// !$*UTF8*$!
{
	archiveVersion = 1;
	classes = {
	};
	objectVersion = 55;
	objects = {

/* Begin PBXBuildFile section */
		BE97D2C02885AF160050CE36 /* AppDelegate.swift in Sources */ = {isa = PBXBuildFile; fileRef = BE97D2BF2885AF160050CE36 /* AppDelegate.swift */; };
		BE97D2C22885AF160050CE36 /* SceneDelegate.swift in Sources */ = {isa = PBXBuildFile; fileRef = BE97D2C12885AF160050CE36 /* SceneDelegate.swift */; };
		BE97D2C42885AF160050CE36 /* ViewController.swift in Sources */ = {isa = PBXBuildFile; fileRef = BE97D2C32885AF160050CE36 /* ViewController.swift */; };
		BE97D2C72885AF160050CE36 /* Main.storyboard in Resources */ = {isa = PBXBuildFile; fileRef = BE97D2C52885AF160050CE36 /* Main.storyboard */; };
		BE97D2C92885AF160050CE36 /* Assets.xcassets in Resources */ = {isa = PBXBuildFile; fileRef = BE97D2C82885AF160050CE36 /* Assets.xcassets */; };
		BE97D2CC2885AF160050CE36 /* LaunchScreen.storyboard in Resources */ = {isa = PBXBuildFile; fileRef = BE97D2CA2885AF160050CE36 /* LaunchScreen.storyboard */; };
		BE97D2D42885B27B0050CE36 /* Track.swift in Sources */ = {isa = PBXBuildFile; fileRef = BE97D2D32885B27B0050CE36 /* Track.swift */; };
		BE97D2D62885ED060050CE36 /* API Manager.swift in Sources */ = {isa = PBXBuildFile; fileRef = BE97D2D52885ED060050CE36 /* API Manager.swift */; };
		BE97D2D828870A720050CE36 /* TrackTableViewCell.swift in Sources */ = {isa = PBXBuildFile; fileRef = BE97D2D728870A720050CE36 /* TrackTableViewCell.swift */; };
/* End PBXBuildFile section */

/* Begin PBXFileReference section */
		BE97D2BC2885AF160050CE36 /* API iTunes Search.app */ = {isa = PBXFileReference; explicitFileType = wrapper.application; includeInIndex = 0; path = "API iTunes Search.app"; sourceTree = BUILT_PRODUCTS_DIR; };
		BE97D2BF2885AF160050CE36 /* AppDelegate.swift */ = {isa = PBXFileReference; lastKnownFileType = sourcecode.swift; path = AppDelegate.swift; sourceTree = "<group>"; };
		BE97D2C12885AF160050CE36 /* SceneDelegate.swift */ = {isa = PBXFileReference; lastKnownFileType = sourcecode.swift; path = SceneDelegate.swift; sourceTree = "<group>"; };
		BE97D2C32885AF160050CE36 /* ViewController.swift */ = {isa = PBXFileReference; lastKnownFileType = sourcecode.swift; path = ViewController.swift; sourceTree = "<group>"; };
		BE97D2C62885AF160050CE36 /* Base */ = {isa = PBXFileReference; lastKnownFileType = file.storyboard; name = Base; path = Base.lproj/Main.storyboard; sourceTree = "<group>"; };
		BE97D2C82885AF160050CE36 /* Assets.xcassets */ = {isa = PBXFileReference; lastKnownFileType = folder.assetcatalog; path = Assets.xcassets; sourceTree = "<group>"; };
		BE97D2CB2885AF160050CE36 /* Base */ = {isa = PBXFileReference; lastKnownFileType = file.storyboard; name = Base; path = Base.lproj/LaunchScreen.storyboard; sourceTree = "<group>"; };
		BE97D2CD2885AF160050CE36 /* Info.plist */ = {isa = PBXFileReference; lastKnownFileType = text.plist.xml; path = Info.plist; sourceTree = "<group>"; };
		BE97D2D32885B27B0050CE36 /* Track.swift */ = {isa = PBXFileReference; lastKnownFileType = sourcecode.swift; path = Track.swift; sourceTree = "<group>"; };
		BE97D2D52885ED060050CE36 /* API Manager.swift */ = {isa = PBXFileReference; lastKnownFileType = sourcecode.swift; path = "API Manager.swift"; sourceTree = "<group>"; };
		BE97D2D728870A720050CE36 /* TrackTableViewCell.swift */ = {isa = PBXFileReference; lastKnownFileType = sourcecode.swift; path = TrackTableViewCell.swift; sourceTree = "<group>"; };
/* End PBXFileReference section */

/* Begin PBXFrameworksBuildPhase section */
		BE97D2B92885AF160050CE36 /* Frameworks */ = {
			isa = PBXFrameworksBuildPhase;
			buildActionMask = 2147483647;
			files = (
			);
			runOnlyForDeploymentPostprocessing = 0;
		};
/* End PBXFrameworksBuildPhase section */

/* Begin PBXGroup section */
		BE97D2B32885AF160050CE36 = {
			isa = PBXGroup;
			children = (
				BE97D2BE2885AF160050CE36 /* API iTunes Search */,
				BE97D2BD2885AF160050CE36 /* Products */,
			);
			sourceTree = "<group>";
		};
		BE97D2BD2885AF160050CE36 /* Products */ = {
			isa = PBXGroup;
			children = (
				BE97D2BC2885AF160050CE36 /* API iTunes Search.app */,
			);
			name = Products;
			sourceTree = "<group>";
		};
		BE97D2BE2885AF160050CE36 /* API iTunes Search */ = {
			isa = PBXGroup;
			children = (
				BE97D2BF2885AF160050CE36 /* AppDelegate.swift */,
				BE97D2C12885AF160050CE36 /* SceneDelegate.swift */,
				BEC4787F288C100F00359DDD /* Controllers */,
				BEC4787D288C0FC600359DDD /* API */,
				BE97D2C52885AF160050CE36 /* Main.storyboard */,
				BE97D2C82885AF160050CE36 /* Assets.xcassets */,
				BE97D2CA2885AF160050CE36 /* LaunchScreen.storyboard */,
				BE97D2CD2885AF160050CE36 /* Info.plist */,
			);
			path = "API iTunes Search";
			sourceTree = "<group>";
		};
		BEC4787D288C0FC600359DDD /* API */ = {
			isa = PBXGroup;
			children = (
				BE97D2D52885ED060050CE36 /* API Manager.swift */,
				BEC4787E288C0FD900359DDD /* Codable */,
			);
			path = API;
			sourceTree = "<group>";
		};
		BEC4787E288C0FD900359DDD /* Codable */ = {
			isa = PBXGroup;
			children = (
				BE97D2D32885B27B0050CE36 /* Track.swift */,
			);
			path = Codable;
			sourceTree = "<group>";
		};
		BEC4787F288C100F00359DDD /* Controllers */ = {
			isa = PBXGroup;
			children = (
				BEC47880288C101900359DDD /* Cells */,
				BE97D2C32885AF160050CE36 /* ViewController.swift */,
			);
			path = Controllers;
			sourceTree = "<group>";
		};
		BEC47880288C101900359DDD /* Cells */ = {
			isa = PBXGroup;
			children = (
				BE97D2D728870A720050CE36 /* TrackTableViewCell.swift */,
			);
			path = Cells;
			sourceTree = "<group>";
		};
/* End PBXGroup section */

/* Begin PBXNativeTarget section */
		BE97D2BB2885AF160050CE36 /* API iTunes Search */ = {
			isa = PBXNativeTarget;
			buildConfigurationList = BE97D2D02885AF160050CE36 /* Build configuration list for PBXNativeTarget "API iTunes Search" */;
			buildPhases = (
				BE97D2B82885AF160050CE36 /* Sources */,
				BE97D2B92885AF160050CE36 /* Frameworks */,
				BE97D2BA2885AF160050CE36 /* Resources */,
			);
			buildRules = (
			);
			dependencies = (
			);
			name = "API iTunes Search";
			productName = "API iTunes Search";
			productReference = BE97D2BC2885AF160050CE36 /* API iTunes Search.app */;
			productType = "com.apple.product-type.application";
		};
/* End PBXNativeTarget section */

/* Begin PBXProject section */
		BE97D2B42885AF160050CE36 /* Project object */ = {
			isa = PBXProject;
			attributes = {
				BuildIndependentTargetsInParallel = 1;
				LastSwiftUpdateCheck = 1340;
				LastUpgradeCheck = 1340;
				TargetAttributes = {
					BE97D2BB2885AF160050CE36 = {
						CreatedOnToolsVersion = 13.4;
					};
				};
			};
			buildConfigurationList = BE97D2B72885AF160050CE36 /* Build configuration list for PBXProject "API iTunes Search" */;
			compatibilityVersion = "Xcode 13.0";
			developmentRegion = en;
			hasScannedForEncodings = 0;
			knownRegions = (
				en,
				Base,
			);
			mainGroup = BE97D2B32885AF160050CE36;
			productRefGroup = BE97D2BD2885AF160050CE36 /* Products */;
			projectDirPath = "";
			projectRoot = "";
			targets = (
				BE97D2BB2885AF160050CE36 /* API iTunes Search */,
			);
		};
/* End PBXProject section */

/* Begin PBXResourcesBuildPhase section */
		BE97D2BA2885AF160050CE36 /* Resources */ = {
			isa = PBXResourcesBuildPhase;
			buildActionMask = 2147483647;
			files = (
				BE97D2CC2885AF160050CE36 /* LaunchScreen.storyboard in Resources */,
				BE97D2C92885AF160050CE36 /* Assets.xcassets in Resources */,
				BE97D2C72885AF160050CE36 /* Main.storyboard in Resources */,
			);
			runOnlyForDeploymentPostprocessing = 0;
		};
/* End PBXResourcesBuildPhase section */

/* Begin PBXSourcesBuildPhase section */
		BE97D2B82885AF160050CE36 /* Sources */ = {
			isa = PBXSourcesBuildPhase;
			buildActionMask = 2147483647;
			files = (
				BE97D2C42885AF160050CE36 /* ViewController.swift in Sources */,
				BE97D2D828870A720050CE36 /* TrackTableViewCell.swift in Sources */,
				BE97D2C02885AF160050CE36 /* AppDelegate.swift in Sources */,
				BE97D2C22885AF160050CE36 /* SceneDelegate.swift in Sources */,
				BE97D2D42885B27B0050CE36 /* Track.swift in Sources */,
				BE97D2D62885ED060050CE36 /* API Manager.swift in Sources */,
			);
			runOnlyForDeploymentPostprocessing = 0;
		};
/* End PBXSourcesBuildPhase section */

/* Begin PBXVariantGroup section */
		BE97D2C52885AF160050CE36 /* Main.storyboard */ = {
			isa = PBXVariantGroup;
			children = (
				BE97D2C62885AF160050CE36 /* Base */,
			);
			name = Main.storyboard;
			sourceTree = "<group>";
		};
		BE97D2CA2885AF160050CE36 /* LaunchScreen.storyboard */ = {
			isa = PBXVariantGroup;
			children = (
				BE97D2CB2885AF160050CE36 /* Base */,
			);
			name = LaunchScreen.storyboard;
			sourceTree = "<group>";
		};
/* End PBXVariantGroup section */

/* Begin XCBuildConfiguration section */
		BE97D2CE2885AF160050CE36 /* Debug */ = {
			isa = XCBuildConfiguration;
			buildSettings = {
				ALWAYS_SEARCH_USER_PATHS = NO;
				CLANG_ANALYZER_NONNULL = YES;
				CLANG_ANALYZER_NUMBER_OBJECT_CONVERSION = YES_AGGRESSIVE;
				CLANG_CXX_LANGUAGE_STANDARD = "gnu++17";
				CLANG_ENABLE_MODULES = YES;
				CLANG_ENABLE_OBJC_ARC = YES;
				CLANG_ENABLE_OBJC_WEAK = YES;
				CLANG_WARN_BLOCK_CAPTURE_AUTORELEASING = YES;
				CLANG_WARN_BOOL_CONVERSION = YES;
				CLANG_WARN_COMMA = YES;
				CLANG_WARN_CONSTANT_CONVERSION = YES;
				CLANG_WARN_DEPRECATED_OBJC_IMPLEMENTATIONS = YES;
				CLANG_WARN_DIRECT_OBJC_ISA_USAGE = YES_ERROR;
				CLANG_WARN_DOCUMENTATION_COMMENTS = YES;
				CLANG_WARN_EMPTY_BODY = YES;
				CLANG_WARN_ENUM_CONVERSION = YES;
				CLANG_WARN_INFINITE_RECURSION = YES;
				CLANG_WARN_INT_CONVERSION = YES;
				CLANG_WARN_NON_LITERAL_NULL_CONVERSION = YES;
				CLANG_WARN_OBJC_IMPLICIT_RETAIN_SELF = YES;
				CLANG_WARN_OBJC_LITERAL_CONVERSION = YES;
				CLANG_WARN_OBJC_ROOT_CLASS = YES_ERROR;
				CLANG_WARN_QUOTED_INCLUDE_IN_FRAMEWORK_HEADER = YES;
				CLANG_WARN_RANGE_LOOP_ANALYSIS = YES;
				CLANG_WARN_STRICT_PROTOTYPES = YES;
				CLANG_WARN_SUSPICIOUS_MOVE = YES;
				CLANG_WARN_UNGUARDED_AVAILABILITY = YES_AGGRESSIVE;
				CLANG_WARN_UNREACHABLE_CODE = YES;
				CLANG_WARN__DUPLICATE_METHOD_MATCH = YES;
				COPY_PHASE_STRIP = NO;
				DEBUG_INFORMATION_FORMAT = dwarf;
				ENABLE_STRICT_OBJC_MSGSEND = YES;
				ENABLE_TESTABILITY = YES;
				GCC_C_LANGUAGE_STANDARD = gnu11;
				GCC_DYNAMIC_NO_PIC = NO;
				GCC_NO_COMMON_BLOCKS = YES;
				GCC_OPTIMIZATION_LEVEL = 0;
				GCC_PREPROCESSOR_DEFINITIONS = (
					"DEBUG=1",
					"$(inherited)",
				);
				GCC_WARN_64_TO_32_BIT_CONVERSION = YES;
				GCC_WARN_ABOUT_RETURN_TYPE = YES_ERROR;
				GCC_WARN_UNDECLARED_SELECTOR = YES;
				GCC_WARN_UNINITIALIZED_AUTOS = YES_AGGRESSIVE;
				GCC_WARN_UNUSED_FUNCTION = YES;
				GCC_WARN_UNUSED_VARIABLE = YES;
				IPHONEOS_DEPLOYMENT_TARGET = 15.5;
				MTL_ENABLE_DEBUG_INFO = INCLUDE_SOURCE;
				MTL_FAST_MATH = YES;
				ONLY_ACTIVE_ARCH = YES;
				SDKROOT = iphoneos;
				SWIFT_ACTIVE_COMPILATION_CONDITIONS = DEBUG;
				SWIFT_OPTIMIZATION_LEVEL = "-Onone";
			};
			name = Debug;
		};
		BE97D2CF2885AF160050CE36 /* Release */ = {
			isa = XCBuildConfiguration;
			buildSettings = {
				ALWAYS_SEARCH_USER_PATHS = NO;
				CLANG_ANALYZER_NONNULL = YES;
				CLANG_ANALYZER_NUMBER_OBJECT_CONVERSION = YES_AGGRESSIVE;
				CLANG_CXX_LANGUAGE_STANDARD = "gnu++17";
				CLANG_ENABLE_MODULES = YES;
				CLANG_ENABLE_OBJC_ARC = YES;
				CLANG_ENABLE_OBJC_WEAK = YES;
				CLANG_WARN_BLOCK_CAPTURE_AUTORELEASING = YES;
				CLANG_WARN_BOOL_CONVERSION = YES;
				CLANG_WARN_COMMA = YES;
				CLANG_WARN_CONSTANT_CONVERSION = YES;
				CLANG_WARN_DEPRECATED_OBJC_IMPLEMENTATIONS = YES;
				CLANG_WARN_DIRECT_OBJC_ISA_USAGE = YES_ERROR;
				CLANG_WARN_DOCUMENTATION_COMMENTS = YES;
				CLANG_WARN_EMPTY_BODY = YES;
				CLANG_WARN_ENUM_CONVERSION = YES;
				CLANG_WARN_INFINITE_RECURSION = YES;
				CLANG_WARN_INT_CONVERSION = YES;
				CLANG_WARN_NON_LITERAL_NULL_CONVERSION = YES;
				CLANG_WARN_OBJC_IMPLICIT_RETAIN_SELF = YES;
				CLANG_WARN_OBJC_LITERAL_CONVERSION = YES;
				CLANG_WARN_OBJC_ROOT_CLASS = YES_ERROR;
				CLANG_WARN_QUOTED_INCLUDE_IN_FRAMEWORK_HEADER = YES;
				CLANG_WARN_RANGE_LOOP_ANALYSIS = YES;
				CLANG_WARN_STRICT_PROTOTYPES = YES;
				CLANG_WARN_SUSPICIOUS_MOVE = YES;
				CLANG_WARN_UNGUARDED_AVAILABILITY = YES_AGGRESSIVE;
				CLANG_WARN_UNREACHABLE_CODE = YES;
				CLANG_WARN__DUPLICATE_METHOD_MATCH = YES;
				COPY_PHASE_STRIP = NO;
				DEBUG_INFORMATION_FORMAT = "dwarf-with-dsym";
				ENABLE_NS_ASSERTIONS = NO;
				ENABLE_STRICT_OBJC_MSGSEND = YES;
				GCC_C_LANGUAGE_STANDARD = gnu11;
				GCC_NO_COMMON_BLOCKS = YES;
				GCC_WARN_64_TO_32_BIT_CONVERSION = YES;
				GCC_WARN_ABOUT_RETURN_TYPE = YES_ERROR;
				GCC_WARN_UNDECLARED_SELECTOR = YES;
				GCC_WARN_UNINITIALIZED_AUTOS = YES_AGGRESSIVE;
				GCC_WARN_UNUSED_FUNCTION = YES;
				GCC_WARN_UNUSED_VARIABLE = YES;
				IPHONEOS_DEPLOYMENT_TARGET = 15.5;
				MTL_ENABLE_DEBUG_INFO = NO;
				MTL_FAST_MATH = YES;
				SDKROOT = iphoneos;
				SWIFT_COMPILATION_MODE = wholemodule;
				SWIFT_OPTIMIZATION_LEVEL = "-O";
				VALIDATE_PRODUCT = YES;
			};
			name = Release;
		};
		BE97D2D12885AF160050CE36 /* Debug */ = {
			isa = XCBuildConfiguration;
			buildSettings = {
				ASSETCATALOG_COMPILER_APPICON_NAME = AppIcon;
				ASSETCATALOG_COMPILER_GLOBAL_ACCENT_COLOR_NAME = AccentColor;
				CODE_SIGN_STYLE = Automatic;
				CURRENT_PROJECT_VERSION = 1;
				DEVELOPMENT_TEAM = Y9BLB7XZM5;
				GENERATE_INFOPLIST_FILE = YES;
				INFOPLIST_FILE = "API iTunes Search/Info.plist";
				INFOPLIST_KEY_UIApplicationSupportsIndirectInputEvents = YES;
				INFOPLIST_KEY_UILaunchStoryboardName = LaunchScreen;
				INFOPLIST_KEY_UIMainStoryboardFile = Main;
				INFOPLIST_KEY_UISupportedInterfaceOrientations_iPad = "UIInterfaceOrientationPortrait UIInterfaceOrientationPortraitUpsideDown UIInterfaceOrientationLandscapeLeft UIInterfaceOrientationLandscapeRight";
				INFOPLIST_KEY_UISupportedInterfaceOrientations_iPhone = "UIInterfaceOrientationPortrait UIInterfaceOrientationLandscapeLeft UIInterfaceOrientationLandscapeRight";
				IPHONEOS_DEPLOYMENT_TARGET = 13.5;
				LD_RUNPATH_SEARCH_PATHS = (
					"$(inherited)",
					"@executable_path/Frameworks",
				);
				MARKETING_VERSION = 1.0;
				PRODUCT_BUNDLE_IDENTIFIER = "Sergey-Belousov.API-iTunes-Search";
				PRODUCT_NAME = "$(TARGET_NAME)";
				SWIFT_EMIT_LOC_STRINGS = YES;
				SWIFT_VERSION = 5.0;
				TARGETED_DEVICE_FAMILY = "1,2";
			};
			name = Debug;
		};
		BE97D2D22885AF160050CE36 /* Release */ = {
			isa = XCBuildConfiguration;
			buildSettings = {
				ASSETCATALOG_COMPILER_APPICON_NAME = AppIcon;
				ASSETCATALOG_COMPILER_GLOBAL_ACCENT_COLOR_NAME = AccentColor;
				CODE_SIGN_STYLE = Automatic;
				CURRENT_PROJECT_VERSION = 1;
				DEVELOPMENT_TEAM = Y9BLB7XZM5;
				GENERATE_INFOPLIST_FILE = YES;
				INFOPLIST_FILE = "API iTunes Search/Info.plist";
				INFOPLIST_KEY_UIApplicationSupportsIndirectInputEvents = YES;
				INFOPLIST_KEY_UILaunchStoryboardName = LaunchScreen;
				INFOPLIST_KEY_UIMainStoryboardFile = Main;
				INFOPLIST_KEY_UISupportedInterfaceOrientations_iPad = "UIInterfaceOrientationPortrait UIInterfaceOrientationPortraitUpsideDown UIInterfaceOrientationLandscapeLeft UIInterfaceOrientationLandscapeRight";
				INFOPLIST_KEY_UISupportedInterfaceOrientations_iPhone = "UIInterfaceOrientationPortrait UIInterfaceOrientationLandscapeLeft UIInterfaceOrientationLandscapeRight";
				IPHONEOS_DEPLOYMENT_TARGET = 13.5;
				LD_RUNPATH_SEARCH_PATHS = (
					"$(inherited)",
					"@executable_path/Frameworks",
				);
				MARKETING_VERSION = 1.0;
				PRODUCT_BUNDLE_IDENTIFIER = "Sergey-Belousov.API-iTunes-Search";
				PRODUCT_NAME = "$(TARGET_NAME)";
				SWIFT_EMIT_LOC_STRINGS = YES;
				SWIFT_VERSION = 5.0;
				TARGETED_DEVICE_FAMILY = "1,2";
			};
			name = Release;
		};
/* End XCBuildConfiguration section */

/* Begin XCConfigurationList section */
		BE97D2B72885AF160050CE36 /* Build configuration list for PBXProject "API iTunes Search" */ = {
			isa = XCConfigurationList;
			buildConfigurations = (
				BE97D2CE2885AF160050CE36 /* Debug */,
				BE97D2CF2885AF160050CE36 /* Release */,
			);
			defaultConfigurationIsVisible = 0;
			defaultConfigurationName = Release;
		};
		BE97D2D02885AF160050CE36 /* Build configuration list for PBXNativeTarget "API iTunes Search" */ = {
			isa = XCConfigurationList;
			buildConfigurations = (
				BE97D2D12885AF160050CE36 /* Debug */,
				BE97D2D22885AF160050CE36 /* Release */,
			);
			defaultConfigurationIsVisible = 0;
			defaultConfigurationName = Release;
		};
/* End XCConfigurationList section */
	};
	rootObject = BE97D2B42885AF160050CE36 /* Project object */;
}
